
Microsoft Visual Studio Solution File, Format Version 12.00
# Visual Studio 15
VisualStudioVersion = 15.0.28307.779
MinimumVisualStudioVersion = 10.0.40219.1
Project("{FAE04EC0-301F-11D3-BF4B-00C04F79EFBC}") = "MailProgram", "MailProgram\MailProgram.csproj", "{ADE2E18D-5E55-4FAC-BBE6-EFC3B6497329}"
EndProject
Global
	GlobalSection(SolutionConfigurationPlatforms) = preSolution
		Debug|Any CPU = Debug|Any CPU
		Release|Any CPU = Release|Any CPU
	EndGlobalSection
	GlobalSection(ProjectConfigurationPlatforms) = postSolution
		{ADE2E18D-5E55-4FAC-BBE6-EFC3B6497329}.Debug|Any CPU.ActiveCfg = Debug|Any CPU
		{ADE2E18D-5E55-4FAC-BBE6-EFC3B6497329}.Debug|Any CPU.Build.0 = Debug|Any CPU
		{ADE2E18D-5E55-4FAC-BBE6-EFC3B6497329}.Release|Any CPU.ActiveCfg = Release|Any CPU
		{ADE2E18D-5E55-4FAC-BBE6-EFC3B6497329}.Release|Any CPU.Build.0 = Release|Any CPU
	EndGlobalSection
	GlobalSection(SolutionProperties) = preSolution
		HideSolutionNode = FALSE
	EndGlobalSection
	GlobalSection(ExtensibilityGlobals) = postSolution
		SolutionGuid = {4F9B802C-F2A9-4FDB-8E6B-B65F51D4BE97}
	EndGlobalSection
EndGlobal
